
Microsoft Visual Studio Solution File, Format Version 12.00
# Visual Studio Version 17
VisualStudioVersion = 17.9.34723.18
MinimumVisualStudioVersion = 10.0.40219.1
Project("{FAE04EC0-301F-11D3-BF4B-00C04F79EFBC}") = "QueuingProgram", "QueuingProgram.csproj", "{B625A1FC-74B6-4954-A5F4-23673565119B}"
EndProject
Global
	GlobalSection(SolutionConfigurationPlatforms) = preSolution
		Debug|Any CPU = Debug|Any CPU
		Release|Any CPU = Release|Any CPU
	EndGlobalSection
	GlobalSection(ProjectConfigurationPlatforms) = postSolution
		{B625A1FC-74B6-4954-A5F4-23673565119B}.Debug|Any CPU.ActiveCfg = Debug|Any CPU
		{B625A1FC-74B6-4954-A5F4-23673565119B}.Debug|Any CPU.Build.0 = Debug|Any CPU
		{B625A1FC-74B6-4954-A5F4-23673565119B}.Release|Any CPU.ActiveCfg = Release|Any CPU
		{B625A1FC-74B6-4954-A5F4-23673565119B}.Release|Any CPU.Build.0 = Release|Any CPU
	EndGlobalSection
	GlobalSection(SolutionProperties) = preSolution
		HideSolutionNode = FALSE
	EndGlobalSection
	GlobalSection(ExtensibilityGlobals) = postSolution
		SolutionGuid = {820DCF4E-0B45-4A02-B859-80551A9DB6EE}
	EndGlobalSection
EndGlobal
