
Microsoft Visual Studio Solution File, Format Version 12.00
# Visual Studio Version 17
VisualStudioVersion = 17.9.34723.18
MinimumVisualStudioVersion = 10.0.40219.1
Project("{FAE04EC0-301F-11D3-BF4B-00C04F79EFBC}") = "StudentRegistrationForm", "StudentRegistrationForm.csproj", "{C2CA794D-7BC7-4B18-B8E4-C2EA423B48AA}"
EndProject
Global
	GlobalSection(SolutionConfigurationPlatforms) = preSolution
		Debug|Any CPU = Debug|Any CPU
		Release|Any CPU = Release|Any CPU
	EndGlobalSection
	GlobalSection(ProjectConfigurationPlatforms) = postSolution
		{C2CA794D-7BC7-4B18-B8E4-C2EA423B48AA}.Debug|Any CPU.ActiveCfg = Debug|Any CPU
		{C2CA794D-7BC7-4B18-B8E4-C2EA423B48AA}.Debug|Any CPU.Build.0 = Debug|Any CPU
		{C2CA794D-7BC7-4B18-B8E4-C2EA423B48AA}.Release|Any CPU.ActiveCfg = Release|Any CPU
		{C2CA794D-7BC7-4B18-B8E4-C2EA423B48AA}.Release|Any CPU.Build.0 = Release|Any CPU
	EndGlobalSection
	GlobalSection(SolutionProperties) = preSolution
		HideSolutionNode = FALSE
	EndGlobalSection
	GlobalSection(ExtensibilityGlobals) = postSolution
		SolutionGuid = {977821F5-B6F9-4429-96EC-8349DDB0AC1F}
	EndGlobalSection
EndGlobal
