
Microsoft Visual Studio Solution File, Format Version 12.00
# Visual Studio Version 17
VisualStudioVersion = 17.10.35013.160
MinimumVisualStudioVersion = 10.0.40219.1
Project("{FAE04EC0-301F-11D3-BF4B-00C04F79EFBC}") = "BasicCalculator", "BasicCalculator.csproj", "{247E940B-D22C-4304-8C64-F4E22FD938A8}"
EndProject
Project("{FAE04EC0-301F-11D3-BF4B-00C04F79EFBC}") = "CalculatorPrivateAssembly", "..\CalculatorPrivateAssembly\CalculatorPrivateAssembly.csproj", "{B141509E-E9C2-4F8C-96C6-B5E4EF51710A}"
EndProject
Global
	GlobalSection(SolutionConfigurationPlatforms) = preSolution
		Debug|Any CPU = Debug|Any CPU
		Release|Any CPU = Release|Any CPU
	EndGlobalSection
	GlobalSection(ProjectConfigurationPlatforms) = postSolution
		{247E940B-D22C-4304-8C64-F4E22FD938A8}.Debug|Any CPU.ActiveCfg = Debug|Any CPU
		{247E940B-D22C-4304-8C64-F4E22FD938A8}.Debug|Any CPU.Build.0 = Debug|Any CPU
		{247E940B-D22C-4304-8C64-F4E22FD938A8}.Release|Any CPU.ActiveCfg = Release|Any CPU
		{247E940B-D22C-4304-8C64-F4E22FD938A8}.Release|Any CPU.Build.0 = Release|Any CPU
		{B141509E-E9C2-4F8C-96C6-B5E4EF51710A}.Debug|Any CPU.ActiveCfg = Debug|Any CPU
		{B141509E-E9C2-4F8C-96C6-B5E4EF51710A}.Debug|Any CPU.Build.0 = Debug|Any CPU
		{B141509E-E9C2-4F8C-96C6-B5E4EF51710A}.Release|Any CPU.ActiveCfg = Release|Any CPU
		{B141509E-E9C2-4F8C-96C6-B5E4EF51710A}.Release|Any CPU.Build.0 = Release|Any CPU
	EndGlobalSection
	GlobalSection(SolutionProperties) = preSolution
		HideSolutionNode = FALSE
	EndGlobalSection
	GlobalSection(ExtensibilityGlobals) = postSolution
		SolutionGuid = {3FECDBFC-9623-4A2F-AC38-BB4832E9980B}
	EndGlobalSection
EndGlobal
