
Microsoft Visual Studio Solution File, Format Version 12.00
# Visual Studio Version 17
VisualStudioVersion = 17.9.34723.18
MinimumVisualStudioVersion = 10.0.40219.1
Project("{FAE04EC0-301F-11D3-BF4B-00C04F79EFBC}") = "ChallengeApp", "ChallengeApp.csproj", "{6DA70B15-072B-4578-9512-71EF059473CC}"
EndProject
Global
	GlobalSection(SolutionConfigurationPlatforms) = preSolution
		Debug|Any CPU = Debug|Any CPU
		Release|Any CPU = Release|Any CPU
	EndGlobalSection
	GlobalSection(ProjectConfigurationPlatforms) = postSolution
		{6DA70B15-072B-4578-9512-71EF059473CC}.Debug|Any CPU.ActiveCfg = Debug|Any CPU
		{6DA70B15-072B-4578-9512-71EF059473CC}.Debug|Any CPU.Build.0 = Debug|Any CPU
		{6DA70B15-072B-4578-9512-71EF059473CC}.Release|Any CPU.ActiveCfg = Release|Any CPU
		{6DA70B15-072B-4578-9512-71EF059473CC}.Release|Any CPU.Build.0 = Release|Any CPU
	EndGlobalSection
	GlobalSection(SolutionProperties) = preSolution
		HideSolutionNode = FALSE
	EndGlobalSection
	GlobalSection(ExtensibilityGlobals) = postSolution
		SolutionGuid = {D0E2AF10-6A84-4C91-B070-467906AC78ED}
	EndGlobalSection
EndGlobal
